
Microsoft Visual Studio Solution File, Format Version 12.00
# Visual Studio Version 16
VisualStudioVersion = 16.0.31911.196
MinimumVisualStudioVersion = 10.0.40219.1
Project("{8BC9CEB8-8B4A-11D0-8D11-00A0C91BC942}") = "render_prj", "projects\render_prj\render_prj.vcxproj", "{3CDEE0E0-BDC9-49DE-BA43-3AD704F5537B}"
EndProject
Project("{8BC9CEB8-8B4A-11D0-8D11-00A0C91BC942}") = "ecs_prj", "projects\ecs_prj\ecs_prj.vcxproj", "{A9C79538-C953-45EB-9232-435D0FBBA7E2}"
EndProject
Project("{8BC9CEB8-8B4A-11D0-8D11-00A0C91BC942}") = "input_prj", "projects\input_prj\input_prj.vcxproj", "{EA8304F0-B9DC-4D9F-94D0-106A28F1665E}"
EndProject
Project("{8BC9CEB8-8B4A-11D0-8D11-00A0C91BC942}") = "physics_prj", "projects\physics_prj\physics_prj.vcxproj", "{2E4034B9-AD29-44C6-8F44-9B90C6E64E6C}"
EndProject
Project("{8BC9CEB8-8B4A-11D0-8D11-00A0C91BC942}") = "utils_prj", "projects\utils_prj\utils_prj.vcxproj", "{6722D8BC-01D9-41B8-A846-738D35A52E27}"
EndProject
Project("{8BC9CEB8-8B4A-11D0-8D11-00A0C91BC942}") = "ui_prj", "projects\ui_prj\ui_prj.vcxproj", "{C822419E-FA7D-4D61-93E6-8600BE86D638}"
EndProject
Project("{8BC9CEB8-8B4A-11D0-8D11-00A0C91BC942}") = "sound_prj", "projects\sound_prj\sound_prj.vcxproj", "{06CE32E3-A5E2-4BBF-8D9A-F20B9E847284}"
EndProject
Project("{8BC9CEB8-8B4A-11D0-8D11-00A0C91BC942}") = "script_prj", "projects\script_prj\script_prj.vcxproj", "{EE611059-7605-4AAF-98CB-E86483C16841}"
EndProject
Project("{8BC9CEB8-8B4A-11D0-8D11-00A0C91BC942}") = "main_prj", "projects\main_prj\main_prj.vcxproj", "{13782BD1-F17B-404C-8FD2-AB4963933197}"
EndProject
Project("{8BC9CEB8-8B4A-11D0-8D11-00A0C91BC942}") = "components_prj", "projects\components_prj\components_prj.vcxproj", "{38FD53CD-827C-40FB-AB72-EE6BFA739A3B}"
EndProject
Project("{8BC9CEB8-8B4A-11D0-8D11-00A0C91BC942}") = "scene_prj", "projects\scene_prj\scene_prj.vcxproj", "{949A8C38-05F4-49D0-A68E-955BD0704007}"
EndProject
Project("{8BC9CEB8-8B4A-11D0-8D11-00A0C91BC942}") = "log_prj", "projects\log_prj\log_prj.vcxproj", "{DFC9A446-2E67-405A-A322-2FA068D46ABA}"
EndProject
Global
	GlobalSection(SolutionConfigurationPlatforms) = preSolution
		Debug|x64 = Debug|x64
		Debug|x86 = Debug|x86
		Release|x64 = Release|x64
		Release|x86 = Release|x86
	EndGlobalSection
	GlobalSection(ProjectConfigurationPlatforms) = postSolution
		{3CDEE0E0-BDC9-49DE-BA43-3AD704F5537B}.Debug|x64.ActiveCfg = Debug|x64
		{3CDEE0E0-BDC9-49DE-BA43-3AD704F5537B}.Debug|x64.Build.0 = Debug|x64
		{3CDEE0E0-BDC9-49DE-BA43-3AD704F5537B}.Debug|x86.ActiveCfg = Debug|Win32
		{3CDEE0E0-BDC9-49DE-BA43-3AD704F5537B}.Debug|x86.Build.0 = Debug|Win32
		{3CDEE0E0-BDC9-49DE-BA43-3AD704F5537B}.Release|x64.ActiveCfg = Release|x64
		{3CDEE0E0-BDC9-49DE-BA43-3AD704F5537B}.Release|x64.Build.0 = Release|x64
		{3CDEE0E0-BDC9-49DE-BA43-3AD704F5537B}.Release|x86.ActiveCfg = Release|Win32
		{3CDEE0E0-BDC9-49DE-BA43-3AD704F5537B}.Release|x86.Build.0 = Release|Win32
		{A9C79538-C953-45EB-9232-435D0FBBA7E2}.Debug|x64.ActiveCfg = Debug|x64
		{A9C79538-C953-45EB-9232-435D0FBBA7E2}.Debug|x64.Build.0 = Debug|x64
		{A9C79538-C953-45EB-9232-435D0FBBA7E2}.Debug|x86.ActiveCfg = Debug|Win32
		{A9C79538-C953-45EB-9232-435D0FBBA7E2}.Debug|x86.Build.0 = Debug|Win32
		{A9C79538-C953-45EB-9232-435D0FBBA7E2}.Release|x64.ActiveCfg = Release|x64
		{A9C79538-C953-45EB-9232-435D0FBBA7E2}.Release|x64.Build.0 = Release|x64
		{A9C79538-C953-45EB-9232-435D0FBBA7E2}.Release|x86.ActiveCfg = Release|Win32
		{A9C79538-C953-45EB-9232-435D0FBBA7E2}.Release|x86.Build.0 = Release|Win32
		{EA8304F0-B9DC-4D9F-94D0-106A28F1665E}.Debug|x64.ActiveCfg = Debug|x64
		{EA8304F0-B9DC-4D9F-94D0-106A28F1665E}.Debug|x64.Build.0 = Debug|x64
		{EA8304F0-B9DC-4D9F-94D0-106A28F1665E}.Debug|x86.ActiveCfg = Debug|Win32
		{EA8304F0-B9DC-4D9F-94D0-106A28F1665E}.Debug|x86.Build.0 = Debug|Win32
		{EA8304F0-B9DC-4D9F-94D0-106A28F1665E}.Release|x64.ActiveCfg = Release|x64
		{EA8304F0-B9DC-4D9F-94D0-106A28F1665E}.Release|x64.Build.0 = Release|x64
		{EA8304F0-B9DC-4D9F-94D0-106A28F1665E}.Release|x86.ActiveCfg = Release|Win32
		{EA8304F0-B9DC-4D9F-94D0-106A28F1665E}.Release|x86.Build.0 = Release|Win32
		{2E4034B9-AD29-44C6-8F44-9B90C6E64E6C}.Debug|x64.ActiveCfg = Debug|x64
		{2E4034B9-AD29-44C6-8F44-9B90C6E64E6C}.Debug|x64.Build.0 = Debug|x64
		{2E4034B9-AD29-44C6-8F44-9B90C6E64E6C}.Debug|x86.ActiveCfg = Debug|Win32
		{2E4034B9-AD29-44C6-8F44-9B90C6E64E6C}.Debug|x86.Build.0 = Debug|Win32
		{2E4034B9-AD29-44C6-8F44-9B90C6E64E6C}.Release|x64.ActiveCfg = Release|x64
		{2E4034B9-AD29-44C6-8F44-9B90C6E64E6C}.Release|x64.Build.0 = Release|x64
		{2E4034B9-AD29-44C6-8F44-9B90C6E64E6C}.Release|x86.ActiveCfg = Release|Win32
		{2E4034B9-AD29-44C6-8F44-9B90C6E64E6C}.Release|x86.Build.0 = Release|Win32
		{6722D8BC-01D9-41B8-A846-738D35A52E27}.Debug|x64.ActiveCfg = Debug|x64
		{6722D8BC-01D9-41B8-A846-738D35A52E27}.Debug|x64.Build.0 = Debug|x64
		{6722D8BC-01D9-41B8-A846-738D35A52E27}.Debug|x86.ActiveCfg = Debug|Win32
		{6722D8BC-01D9-41B8-A846-738D35A52E27}.Debug|x86.Build.0 = Debug|Win32
		{6722D8BC-01D9-41B8-A846-738D35A52E27}.Release|x64.ActiveCfg = Release|x64
		{6722D8BC-01D9-41B8-A846-738D35A52E27}.Release|x64.Build.0 = Release|x64
		{6722D8BC-01D9-41B8-A846-738D35A52E27}.Release|x86.ActiveCfg = Release|Win32
		{6722D8BC-01D9-41B8-A846-738D35A52E27}.Release|x86.Build.0 = Release|Win32
		{C822419E-FA7D-4D61-93E6-8600BE86D638}.Debug|x64.ActiveCfg = Debug|x64
		{C822419E-FA7D-4D61-93E6-8600BE86D638}.Debug|x64.Build.0 = Debug|x64
		{C822419E-FA7D-4D61-93E6-8600BE86D638}.Debug|x86.ActiveCfg = Debug|Win32
		{C822419E-FA7D-4D61-93E6-8600BE86D638}.Debug|x86.Build.0 = Debug|Win32
		{C822419E-FA7D-4D61-93E6-8600BE86D638}.Release|x64.ActiveCfg = Release|x64
		{C822419E-FA7D-4D61-93E6-8600BE86D638}.Release|x64.Build.0 = Release|x64
		{C822419E-FA7D-4D61-93E6-8600BE86D638}.Release|x86.ActiveCfg = Release|Win32
		{C822419E-FA7D-4D61-93E6-8600BE86D638}.Release|x86.Build.0 = Release|Win32
		{06CE32E3-A5E2-4BBF-8D9A-F20B9E847284}.Debug|x64.ActiveCfg = Debug|x64
		{06CE32E3-A5E2-4BBF-8D9A-F20B9E847284}.Debug|x64.Build.0 = Debug|x64
		{06CE32E3-A5E2-4BBF-8D9A-F20B9E847284}.Debug|x86.ActiveCfg = Debug|Win32
		{06CE32E3-A5E2-4BBF-8D9A-F20B9E847284}.Debug|x86.Build.0 = Debug|Win32
		{06CE32E3-A5E2-4BBF-8D9A-F20B9E847284}.Release|x64.ActiveCfg = Release|x64
		{06CE32E3-A5E2-4BBF-8D9A-F20B9E847284}.Release|x64.Build.0 = Release|x64
		{06CE32E3-A5E2-4BBF-8D9A-F20B9E847284}.Release|x86.ActiveCfg = Release|Win32
		{06CE32E3-A5E2-4BBF-8D9A-F20B9E847284}.Release|x86.Build.0 = Release|Win32
		{EE611059-7605-4AAF-98CB-E86483C16841}.Debug|x64.ActiveCfg = Debug|x64
		{EE611059-7605-4AAF-98CB-E86483C16841}.Debug|x64.Build.0 = Debug|x64
		{EE611059-7605-4AAF-98CB-E86483C16841}.Debug|x86.ActiveCfg = Debug|Win32
		{EE611059-7605-4AAF-98CB-E86483C16841}.Debug|x86.Build.0 = Debug|Win32
		{EE611059-7605-4AAF-98CB-E86483C16841}.Release|x64.ActiveCfg = Release|x64
		{EE611059-7605-4AAF-98CB-E86483C16841}.Release|x64.Build.0 = Release|x64
		{EE611059-7605-4AAF-98CB-E86483C16841}.Release|x86.ActiveCfg = Release|Win32
		{EE611059-7605-4AAF-98CB-E86483C16841}.Release|x86.Build.0 = Release|Win32
		{13782BD1-F17B-404C-8FD2-AB4963933197}.Debug|x64.ActiveCfg = Debug|x64
		{13782BD1-F17B-404C-8FD2-AB4963933197}.Debug|x64.Build.0 = Debug|x64
		{13782BD1-F17B-404C-8FD2-AB4963933197}.Debug|x86.ActiveCfg = Debug|Win32
		{13782BD1-F17B-404C-8FD2-AB4963933197}.Debug|x86.Build.0 = Debug|Win32
		{13782BD1-F17B-404C-8FD2-AB4963933197}.Release|x64.ActiveCfg = Release|x64
		{13782BD1-F17B-404C-8FD2-AB4963933197}.Release|x64.Build.0 = Release|x64
		{13782BD1-F17B-404C-8FD2-AB4963933197}.Release|x86.ActiveCfg = Release|Win32
		{13782BD1-F17B-404C-8FD2-AB4963933197}.Release|x86.Build.0 = Release|Win32
		{38FD53CD-827C-40FB-AB72-EE6BFA739A3B}.Debug|x64.ActiveCfg = Debug|x64
		{38FD53CD-827C-40FB-AB72-EE6BFA739A3B}.Debug|x64.Build.0 = Debug|x64
		{38FD53CD-827C-40FB-AB72-EE6BFA739A3B}.Debug|x86.ActiveCfg = Debug|Win32
		{38FD53CD-827C-40FB-AB72-EE6BFA739A3B}.Debug|x86.Build.0 = Debug|Win32
		{38FD53CD-827C-40FB-AB72-EE6BFA739A3B}.Release|x64.ActiveCfg = Release|x64
		{38FD53CD-827C-40FB-AB72-EE6BFA739A3B}.Release|x64.Build.0 = Release|x64
		{38FD53CD-827C-40FB-AB72-EE6BFA739A3B}.Release|x86.ActiveCfg = Release|Win32
		{38FD53CD-827C-40FB-AB72-EE6BFA739A3B}.Release|x86.Build.0 = Release|Win32
		{949A8C38-05F4-49D0-A68E-955BD0704007}.Debug|x64.ActiveCfg = Debug|x64
		{949A8C38-05F4-49D0-A68E-955BD0704007}.Debug|x64.Build.0 = Debug|x64
		{949A8C38-05F4-49D0-A68E-955BD0704007}.Debug|x86.ActiveCfg = Debug|Win32
		{949A8C38-05F4-49D0-A68E-955BD0704007}.Debug|x86.Build.0 = Debug|Win32
		{949A8C38-05F4-49D0-A68E-955BD0704007}.Release|x64.ActiveCfg = Release|x64
		{949A8C38-05F4-49D0-A68E-955BD0704007}.Release|x64.Build.0 = Release|x64
		{949A8C38-05F4-49D0-A68E-955BD0704007}.Release|x86.ActiveCfg = Release|Win32
		{949A8C38-05F4-49D0-A68E-955BD0704007}.Release|x86.Build.0 = Release|Win32
		{DFC9A446-2E67-405A-A322-2FA068D46ABA}.Debug|x64.ActiveCfg = Debug|x64
		{DFC9A446-2E67-405A-A322-2FA068D46ABA}.Debug|x64.Build.0 = Debug|x64
		{DFC9A446-2E67-405A-A322-2FA068D46ABA}.Debug|x86.ActiveCfg = Debug|Win32
		{DFC9A446-2E67-405A-A322-2FA068D46ABA}.Debug|x86.Build.0 = Debug|Win32
		{DFC9A446-2E67-405A-A322-2FA068D46ABA}.Release|x64.ActiveCfg = Release|x64
		{DFC9A446-2E67-405A-A322-2FA068D46ABA}.Release|x64.Build.0 = Release|x64
		{DFC9A446-2E67-405A-A322-2FA068D46ABA}.Release|x86.ActiveCfg = Release|Win32
		{DFC9A446-2E67-405A-A322-2FA068D46ABA}.Release|x86.Build.0 = Release|Win32
	EndGlobalSection
	GlobalSection(SolutionProperties) = preSolution
		HideSolutionNode = FALSE
	EndGlobalSection
	GlobalSection(ExtensibilityGlobals) = postSolution
		SolutionGuid = {70569CC0-5FC4-40F6-AEF8-1330ECD855B2}
	EndGlobalSection
EndGlobal
